PODS:
  - Flutter (1.0.0)
  - flutter_blue_plus_darwin (0.0.2):
    - Flutter
    - FlutterMacOS
  - flutter_secure_storage_darwin (10.0.0):
    - Flutter
    - FlutterMacOS
  - permission_handler_apple (9.4.8):
    - Flutter

DEPENDENCIES:
  - Flutter (from `Flutter`)
  - flutter_blue_plus_darwin (from `.symlinks/plugins/flutter_blue_plus_darwin/darwin`)
  - flutter_secure_storage_darwin (from `.symlinks/plugins/flutter_secure_storage_darwin/darwin`)
  - permission_handler_apple (from `.symlinks/plugins/permission_handler_apple/ios`)

EXTERNAL SOURCES:
  Flutter:
    :path: Flutter
  flutter_blue_plus_darwin:
    :path: ".symlinks/plugins/flutter_blue_plus_darwin/darwin"
  flutter_secure_storage_darwin:
    :path: ".symlinks/plugins/flutter_secure_storage_darwin/darwin"
  permission_handler_apple:
    :path: ".symlinks/plugins/permission_handler_apple/ios"

SPEC CHECKSUMS:
  Flutter: cabc95a1d2626b1b06e7179b784ebcf0c0cde467
  flutter_blue_plus_darwin: 20a08bfeaa0f7804d524858d3d8744bcc1b6dbc3
  flutter_secure_storage_darwin: acdb3f316ed05a3e68f856e0353b133eec373a23
  permission_handler_apple: 92d754bbaa7361d436db2d6c3c1c2a0fdcec462e

PODFILE CHECKSUM: 2bc951d8f6c4c842f998b1244b30fdfed0a930cd

COCOAPODS: 1.16.2
